
Microsoft Visual Studio Solution File, Format Version 12.00
# Visual Studio Version 17
VisualStudioVersion = 17.12.35707.178
MinimumVisualStudioVersion = 10.0.40219.1
Project("{FAE04EC0-301F-11D3-BF4B-00C04F79EFBC}") = "ElysSalon2.0", "ElysSalon2.0\ElysSalon2.0.csproj", "{72CE185B-3BBD-4DD6-BA18-E9D9AD21F420}"
EndProject
Project("{FAE04EC0-301F-11D3-BF4B-00C04F79EFBC}") = "Core", "Core\Core.csproj", "{028CF3D7-EDF8-484A-B0DF-677505CBBE1B}"
EndProject
Project("{FAE04EC0-301F-11D3-BF4B-00C04F79EFBC}") = "Infrastructure", "Infrastructure\Infrastructure.csproj", "{F48C674C-0F5F-4478-B8AE-3202A57E3412}"
EndProject
Project("{FAE04EC0-301F-11D3-BF4B-00C04F79EFBC}") = "Application", "Application\Application.csproj", "{C39F8A87-BEE3-4C9A-B7B8-FE9CCA656109}"
EndProject
Project("{FAE04EC0-301F-11D3-BF4B-00C04F79EFBC}") = "ReportWorkerService", "ReportWorkerService\ReportWorkerService.csproj", "{A3F41776-D494-4E3E-87DC-597871C401EE}"
EndProject
Global
	GlobalSection(SolutionConfigurationPlatforms) = preSolution
		Debug|Any CPU = Debug|Any CPU
		Release|Any CPU = Release|Any CPU
	EndGlobalSection
	GlobalSection(ProjectConfigurationPlatforms) = postSolution
		{72CE185B-3BBD-4DD6-BA18-E9D9AD21F420}.Debug|Any CPU.ActiveCfg = Debug|Any CPU
		{72CE185B-3BBD-4DD6-BA18-E9D9AD21F420}.Debug|Any CPU.Build.0 = Debug|Any CPU
		{72CE185B-3BBD-4DD6-BA18-E9D9AD21F420}.Release|Any CPU.ActiveCfg = Release|Any CPU
		{72CE185B-3BBD-4DD6-BA18-E9D9AD21F420}.Release|Any CPU.Build.0 = Release|Any CPU
		{028CF3D7-EDF8-484A-B0DF-677505CBBE1B}.Debug|Any CPU.ActiveCfg = Debug|Any CPU
		{028CF3D7-EDF8-484A-B0DF-677505CBBE1B}.Debug|Any CPU.Build.0 = Debug|Any CPU
		{028CF3D7-EDF8-484A-B0DF-677505CBBE1B}.Release|Any CPU.ActiveCfg = Release|Any CPU
		{028CF3D7-EDF8-484A-B0DF-677505CBBE1B}.Release|Any CPU.Build.0 = Release|Any CPU
		{F48C674C-0F5F-4478-B8AE-3202A57E3412}.Debug|Any CPU.ActiveCfg = Debug|Any CPU
		{F48C674C-0F5F-4478-B8AE-3202A57E3412}.Debug|Any CPU.Build.0 = Debug|Any CPU
		{F48C674C-0F5F-4478-B8AE-3202A57E3412}.Release|Any CPU.ActiveCfg = Release|Any CPU
		{F48C674C-0F5F-4478-B8AE-3202A57E3412}.Release|Any CPU.Build.0 = Release|Any CPU
		{C39F8A87-BEE3-4C9A-B7B8-FE9CCA656109}.Debug|Any CPU.ActiveCfg = Debug|Any CPU
		{C39F8A87-BEE3-4C9A-B7B8-FE9CCA656109}.Debug|Any CPU.Build.0 = Debug|Any CPU
		{C39F8A87-BEE3-4C9A-B7B8-FE9CCA656109}.Release|Any CPU.ActiveCfg = Release|Any CPU
		{C39F8A87-BEE3-4C9A-B7B8-FE9CCA656109}.Release|Any CPU.Build.0 = Release|Any CPU
		{A3F41776-D494-4E3E-87DC-597871C401EE}.Debug|Any CPU.ActiveCfg = Debug|Any CPU
		{A3F41776-D494-4E3E-87DC-597871C401EE}.Debug|Any CPU.Build.0 = Debug|Any CPU
		{A3F41776-D494-4E3E-87DC-597871C401EE}.Release|Any CPU.ActiveCfg = Release|Any CPU
		{A3F41776-D494-4E3E-87DC-597871C401EE}.Release|Any CPU.Build.0 = Release|Any CPU
	EndGlobalSection
	GlobalSection(SolutionProperties) = preSolution
		HideSolutionNode = FALSE
	EndGlobalSection
	GlobalSection(ExtensibilityGlobals) = postSolution
		SolutionGuid = {BF68A6E5-1BD1-481A-B8F6-55A5FAE94AD6}
	EndGlobalSection
EndGlobal
