
Microsoft Visual Studio Solution File, Format Version 12.00
# Visual Studio Version 17
VisualStudioVersion = 17.12.35514.174 d17.12
MinimumVisualStudioVersion = 10.0.40219.1
Project("{FAE04EC0-301F-11D3-BF4B-00C04F79EFBC}") = "ElySalon", "ElySalon\ElySalon.csproj", "{12AA2720-1A35-4106-9B0E-DD4742E20E02}"
EndProject
Global
	GlobalSection(SolutionConfigurationPlatforms) = preSolution
		Debug|Any CPU = Debug|Any CPU
		Release|Any CPU = Release|Any CPU
	EndGlobalSection
	GlobalSection(ProjectConfigurationPlatforms) = postSolution
		{12AA2720-1A35-4106-9B0E-DD4742E20E02}.Debug|Any CPU.ActiveCfg = Debug|Any CPU
		{12AA2720-1A35-4106-9B0E-DD4742E20E02}.Debug|Any CPU.Build.0 = Debug|Any CPU
		{12AA2720-1A35-4106-9B0E-DD4742E20E02}.Release|Any CPU.ActiveCfg = Release|Any CPU
		{12AA2720-1A35-4106-9B0E-DD4742E20E02}.Release|Any CPU.Build.0 = Release|Any CPU
	EndGlobalSection
	GlobalSection(SolutionProperties) = preSolution
		HideSolutionNode = FALSE
	EndGlobalSection
EndGlobal
